<?xml version="1.0" encoding="utf-8"?>
<Project ToolsVersion="4.0" xmlns="http://schemas.microsoft.com/developer/msbuild/2003">
  <ItemGroup>
    <ClCompile Include="Main.cpp" />
    <ClCompile Include="Memory\mem.cpp">
      <Filter>Memory</Filter>
    </ClCompile>
    <ClCompile Include="Misc\Misc.cpp">
      <Filter>Misc</Filter>
    </ClCompile>
    <ClCompile Include="Misc\ArgParser.cpp">
      <Filter>Misc</Filter>
    </ClCompile>
  </ItemGroup>
  <ItemGroup>
    <ClInclude Include="Main.h" />
    <ClInclude Include="Memory\mem.h">
      <Filter>Memory</Filter>
    </ClInclude>
    <ClInclude Include="Memory\module.h">
      <Filter>Memory</Filter>
    </ClInclude>
    <ClInclude Include="Misc\Misc.h">
      <Filter>Misc</Filter>
    </ClInclude>
    <ClInclude Include="Misc\ArgParser.h">
      <Filter>Misc</Filter>
    </ClInclude>
  </ItemGroup>
  <ItemGroup>
    <CopyFileToFolders Include="Memory Scan\clrcompression.dll">
      <Filter>Memory Scan</Filter>
    </CopyFileToFolders>
    <CopyFileToFolders Include="Memory Scan\clrjit.dll">
      <Filter>Memory Scan</Filter>
    </CopyFileToFolders>
    <CopyFileToFolders Include="Memory Scan\coreclr.dll">
      <Filter>Memory Scan</Filter>
    </CopyFileToFolders>
    <CopyFileToFolders Include="Memory Scan\mscordaccore.dll">
      <Filter>Memory Scan</Filter>
    </CopyFileToFolders>
    <CopyFileToFolders Include="Memory Scan\MemScan.exe">
      <Filter>Memory Scan</Filter>
    </CopyFileToFolders>
  </ItemGroup>
  <ItemGroup>
    <Filter Include="Memory Scan">
      <UniqueIdentifier>{7c06c906-5028-4554-8789-a5d33aa8f86c}</UniqueIdentifier>
    </Filter>
    <Filter Include="Memory">
      <UniqueIdentifier>{ae7191bc-89f4-407e-93e8-9d7603747c03}</UniqueIdentifier>
    </Filter>
    <Filter Include="Misc">
      <UniqueIdentifier>{65801d5b-7065-4f04-aad2-a36eef25aa99}</UniqueIdentifier>
    </Filter>
  </ItemGroup>
</Project>