<?xml version="1.0" encoding="utf-8"?>
<Project ToolsVersion="4.0" xmlns="http://schemas.microsoft.com/developer/msbuild/2003">
  <ItemGroup>
    <ClCompile Include="Main.cpp" />
    <ClCompile Include="Memory\mem.cpp">
      <Filter>Memory</Filter>
    </ClCompile>
    <ClCompile Include="Misc\Misc.cpp">
      <Filter>Misc</Filter>
    </ClCompile>
  </ItemGroup>
  <ItemGroup>
    <ClInclude Include="Main.h" />
    <ClInclude Include="Memory\module.h">
      <Filter>Memory</Filter>
    </ClInclude>
    <ClInclude Include="Memory\mem.h">
      <Filter>Memory</Filter>
    </ClInclude>
    <ClInclude Include="Misc\Misc.h">
      <Filter>Misc</Filter>
    </ClInclude>
  </ItemGroup>
  <ItemGroup>
    <Filter Include="Memory">
      <UniqueIdentifier>{77ba3de4-9a60-4e15-933d-5f952c1e73e6}</UniqueIdentifier>
    </Filter>
    <Filter Include="Misc">
      <UniqueIdentifier>{89091e1c-c0ee-453c-95bb-34f3eee661ef}</UniqueIdentifier>
    </Filter>
    <Filter Include="Memory Scan">
      <UniqueIdentifier>{155ef404-7960-4763-ab22-1efe3e4d5de7}</UniqueIdentifier>
    </Filter>
  </ItemGroup>
  <ItemGroup>
    <CopyFileToFolders Include="Memory Scan\clrcompression.dll">
      <Filter>Memory Scan</Filter>
    </CopyFileToFolders>
    <CopyFileToFolders Include="Memory Scan\clrjit.dll">
      <Filter>Memory Scan</Filter>
    </CopyFileToFolders>
    <CopyFileToFolders Include="Memory Scan\coreclr.dll">
      <Filter>Memory Scan</Filter>
    </CopyFileToFolders>
    <CopyFileToFolders Include="Memory Scan\MemScan.exe">
      <Filter>Memory Scan</Filter>
    </CopyFileToFolders>
    <CopyFileToFolders Include="Memory Scan\mscordaccore.dll">
      <Filter>Memory Scan</Filter>
    </CopyFileToFolders>
  </ItemGroup>
</Project>